
Microsoft Visual Studio Solution File, Format Version 12.00
Project("{FAE04EC0-301F-11D3-BF4B-00C04F79EFBC}") = "NetworkChat", "NetworkChat\NetworkChat.csproj", "{3056C662-CADE-4643-8321-83DFC0E7F27C}"
EndProject
Global
	GlobalSection(SolutionConfigurationPlatforms) = preSolution
		Debug|Any CPU = Debug|Any CPU
		Release|Any CPU = Release|Any CPU
	EndGlobalSection
	GlobalSection(ProjectConfigurationPlatforms) = postSolution
		{3056C662-CADE-4643-8321-83DFC0E7F27C}.Debug|Any CPU.ActiveCfg = Debug|Any CPU
		{3056C662-CADE-4643-8321-83DFC0E7F27C}.Debug|Any CPU.Build.0 = Debug|Any CPU
		{3056C662-CADE-4643-8321-83DFC0E7F27C}.Release|Any CPU.ActiveCfg = Release|Any CPU
		{3056C662-CADE-4643-8321-83DFC0E7F27C}.Release|Any CPU.Build.0 = Release|Any CPU
	EndGlobalSection
EndGlobal
