
Microsoft Visual Studio Solution File, Format Version 12.00
Project("{FAE04EC0-301F-11D3-BF4B-00C04F79EFBC}") = "ThreadPool", "ThreadPool\ThreadPool.csproj", "{D93CB3DB-A345-4FA9-9BA7-32A863458126}"
EndProject
Project("{FAE04EC0-301F-11D3-BF4B-00C04F79EFBC}") = "ThreadPool.Tests", "ThreadPool.Tests\ThreadPool.Tests.csproj", "{13C2FA60-EE5A-4188-9BE3-F19C706C5C13}"
EndProject
Global
	GlobalSection(SolutionConfigurationPlatforms) = preSolution
		Debug|Any CPU = Debug|Any CPU
		Release|Any CPU = Release|Any CPU
	EndGlobalSection
	GlobalSection(ProjectConfigurationPlatforms) = postSolution
		{D93CB3DB-A345-4FA9-9BA7-32A863458126}.Debug|Any CPU.ActiveCfg = Debug|Any CPU
		{D93CB3DB-A345-4FA9-9BA7-32A863458126}.Debug|Any CPU.Build.0 = Debug|Any CPU
		{D93CB3DB-A345-4FA9-9BA7-32A863458126}.Release|Any CPU.ActiveCfg = Release|Any CPU
		{D93CB3DB-A345-4FA9-9BA7-32A863458126}.Release|Any CPU.Build.0 = Release|Any CPU
		{13C2FA60-EE5A-4188-9BE3-F19C706C5C13}.Debug|Any CPU.ActiveCfg = Debug|Any CPU
		{13C2FA60-EE5A-4188-9BE3-F19C706C5C13}.Debug|Any CPU.Build.0 = Debug|Any CPU
		{13C2FA60-EE5A-4188-9BE3-F19C706C5C13}.Release|Any CPU.ActiveCfg = Release|Any CPU
		{13C2FA60-EE5A-4188-9BE3-F19C706C5C13}.Release|Any CPU.Build.0 = Release|Any CPU
	EndGlobalSection
EndGlobal
